
Microsoft Visual Studio Solution File, Format Version 12.00
# Visual Studio Version 17
VisualStudioVersion = 17.7.34024.191
MinimumVisualStudioVersion = 10.0.40219.1
Project("{FAE04EC0-301F-11D3-BF4B-00C04F79EFBC}") = "Semana4_Intro_Cshart", "Semana4_Intro_Cshart\Semana4_Intro_Cshart.csproj", "{5734DACC-10DC-41F1-9305-B726C2785DCD}"
EndProject
Global
	GlobalSection(SolutionConfigurationPlatforms) = preSolution
		Debug|Any CPU = Debug|Any CPU
		Release|Any CPU = Release|Any CPU
	EndGlobalSection
	GlobalSection(ProjectConfigurationPlatforms) = postSolution
		{5734DACC-10DC-41F1-9305-B726C2785DCD}.Debug|Any CPU.ActiveCfg = Debug|Any CPU
		{5734DACC-10DC-41F1-9305-B726C2785DCD}.Debug|Any CPU.Build.0 = Debug|Any CPU
		{5734DACC-10DC-41F1-9305-B726C2785DCD}.Release|Any CPU.ActiveCfg = Release|Any CPU
		{5734DACC-10DC-41F1-9305-B726C2785DCD}.Release|Any CPU.Build.0 = Release|Any CPU
	EndGlobalSection
	GlobalSection(SolutionProperties) = preSolution
		HideSolutionNode = FALSE
	EndGlobalSection
	GlobalSection(ExtensibilityGlobals) = postSolution
		SolutionGuid = {D5EA8E4A-DFBA-42E6-81DA-0D64C0536252}
	EndGlobalSection
EndGlobal
